// !$*UTF8*$!
{
	archiveVersion = 1;
	classes = {
	};
	objectVersion = 46;
	objects = {

/* Begin PBXBuildFile section */
		531602AB1C529C600023C19E /* MonsterSectionFooter.swift in Sources */ = {isa = PBXBuildFile; fileRef = 531602AA1C529C600023C19E /* MonsterSectionFooter.swift */; };
		531602AD1C52DA7D0023C19E /* SaveViewController.swift in Sources */ = {isa = PBXBuildFile; fileRef = 531602AC1C52DA7D0023C19E /* SaveViewController.swift */; };
		532800931BA0ECF6005AD59C /* AppDelegate.swift in Sources */ = {isa = PBXBuildFile; fileRef = 532800921BA0ECF6005AD59C /* AppDelegate.swift */; };
		532800951BA0ECF6005AD59C /* LoginViewController.swift in Sources */ = {isa = PBXBuildFile; fileRef = 532800941BA0ECF6005AD59C /* LoginViewController.swift */; };
		532800981BA0ECF6005AD59C /* Main.storyboard in Resources */ = {isa = PBXBuildFile; fileRef = 532800961BA0ECF6005AD59C /* Main.storyboard */; };
		5328009A1BA0ECF6005AD59C /* Assets.xcassets in Resources */ = {isa = PBXBuildFile; fileRef = 532800991BA0ECF6005AD59C /* Assets.xcassets */; };
		5328009D1BA0ECF6005AD59C /* LaunchScreen.storyboard in Resources */ = {isa = PBXBuildFile; fileRef = 5328009B1BA0ECF6005AD59C /* LaunchScreen.storyboard */; };
		532800A81BA0ECF6005AD59C /* doodle_monsterTests.swift in Sources */ = {isa = PBXBuildFile; fileRef = 532800A71BA0ECF6005AD59C /* doodle_monsterTests.swift */; };
		532800B31BA0ECF6005AD59C /* doodle_monsterUITests.swift in Sources */ = {isa = PBXBuildFile; fileRef = 532800B21BA0ECF6005AD59C /* doodle_monsterUITests.swift */; };
		534965CB1C585CA5009552CC /* DateService.swift in Sources */ = {isa = PBXBuildFile; fileRef = 534965CA1C585CA5009552CC /* DateService.swift */; };
		535ECC0F1C31E42400E17D0F /* NewMonsterViewModel.swift in Sources */ = {isa = PBXBuildFile; fileRef = 535ECC0E1C31E42400E17D0F /* NewMonsterViewModel.swift */; };
		536D6C4B1C44424300BF5EBC /* DrawingViewController.swift in Sources */ = {isa = PBXBuildFile; fileRef = 536D6C4A1C44424300BF5EBC /* DrawingViewController.swift */; };
		536D6C4D1C4442DE00BF5EBC /* DrawingViewModel.swift in Sources */ = {isa = PBXBuildFile; fileRef = 536D6C4C1C4442DE00BF5EBC /* DrawingViewModel.swift */; };
		536D6C4F1C44482A00BF5EBC /* YourTurnCell.swift in Sources */ = {isa = PBXBuildFile; fileRef = 536D6C4E1C44482A00BF5EBC /* YourTurnCell.swift */; };
		536D6C511C46DA7200BF5EBC /* StrokeHistory.swift in Sources */ = {isa = PBXBuildFile; fileRef = 536D6C501C46DA7200BF5EBC /* StrokeHistory.swift */; };
		536D6C531C46DCCC00BF5EBC /* StrokeHistoryTests.swift in Sources */ = {isa = PBXBuildFile; fileRef = 536D6C521C46DCCC00BF5EBC /* StrokeHistoryTests.swift */; };
		536D6C541C46E83800BF5EBC /* Bolts.framework in Frameworks */ = {isa = PBXBuildFile; fileRef = 53CED4BF1C1F6BC200B5BEEF /* Bolts.framework */; };
		536D6C561C4809A300BF5EBC /* DrawingScrollView.swift in Sources */ = {isa = PBXBuildFile; fileRef = 536D6C551C4809A300BF5EBC /* DrawingScrollView.swift */; };
		536D6C581C49A93A00BF5EBC /* SectionedArrayDataSource.swift in Sources */ = {isa = PBXBuildFile; fileRef = 536D6C571C49A93A00BF5EBC /* SectionedArrayDataSource.swift */; };
		536D6C5A1C49ABCD00BF5EBC /* ReusableViews.swift in Sources */ = {isa = PBXBuildFile; fileRef = 536D6C591C49ABCD00BF5EBC /* ReusableViews.swift */; };
		536D6C5C1C4D994800BF5EBC /* MonsterSectionHeader.swift in Sources */ = {isa = PBXBuildFile; fileRef = 536D6C5B1C4D994800BF5EBC /* MonsterSectionHeader.swift */; };
		536D6C5E1C4D995D00BF5EBC /* MainMenuBottom.swift in Sources */ = {isa = PBXBuildFile; fileRef = 536D6C5D1C4D995D00BF5EBC /* MainMenuBottom.swift */; };
		53AA70E41C4DA81600EB238B /* MainMenuBottom.xib in Resources */ = {isa = PBXBuildFile; fileRef = 53AA70E31C4DA81600EB238B /* MainMenuBottom.xib */; };
		53B60DEB1C4301F900AF0E09 /* YourTurnCell.xib in Resources */ = {isa = PBXBuildFile; fileRef = 53B60DEA1C4301F900AF0E09 /* YourTurnCell.xib */; };
		53B60DED1C43020100AF0E09 /* WaitingCell.xib in Resources */ = {isa = PBXBuildFile; fileRef = 53B60DEC1C43020100AF0E09 /* WaitingCell.xib */; };
		53B60DEF1C43047900AF0E09 /* WaitingCell.swift in Sources */ = {isa = PBXBuildFile; fileRef = 53B60DEE1C43047900AF0E09 /* WaitingCell.swift */; };
		53C8D3E91C29E57F0052A9ED /* LoginByEmailPresenter.swift in Sources */ = {isa = PBXBuildFile; fileRef = 53C8D3E81C29E57F0052A9ED /* LoginByEmailPresenter.swift */; };
		53C8D3EB1C29E9B70052A9ED /* Cartfile.resolved in Resources */ = {isa = PBXBuildFile; fileRef = 53C8D3EA1C29E9B70052A9ED /* Cartfile.resolved */; };
		53C8D3EE1C2A00730052A9ED /* PlayerService.swift in Sources */ = {isa = PBXBuildFile; fileRef = 53C8D3ED1C2A00730052A9ED /* PlayerService.swift */; };
		53C8D3F11C2B0CA30052A9ED /* MainMenuViewController.swift in Sources */ = {isa = PBXBuildFile; fileRef = 53C8D3F01C2B0CA30052A9ED /* MainMenuViewController.swift */; };
		53C8D3F31C2B11340052A9ED /* NewMonsterViewController.swift in Sources */ = {isa = PBXBuildFile; fileRef = 53C8D3F21C2B11340052A9ED /* NewMonsterViewController.swift */; };
		53C8D3F61C2B13840052A9ED /* InviteByEmailViewController.swift in Sources */ = {isa = PBXBuildFile; fileRef = 53C8D3F51C2B13840052A9ED /* InviteByEmailViewController.swift */; };
		53C8D3F81C2B15B30052A9ED /* PlayerTableViewCell.swift in Sources */ = {isa = PBXBuildFile; fileRef = 53C8D3F71C2B15B30052A9ED /* PlayerTableViewCell.swift */; };
		53C8D3FC1C2C72890052A9ED /* Player.swift in Sources */ = {isa = PBXBuildFile; fileRef = 53C8D3FB1C2C72890052A9ED /* Player.swift */; };
		53C8D3FE1C2C7CAF0052A9ED /* InviteByEmailViewModel.swift in Sources */ = {isa = PBXBuildFile; fileRef = 53C8D3FD1C2C7CAF0052A9ED /* InviteByEmailViewModel.swift */; };
		53CED4BA1C1F4AE200B5BEEF /* LoginByEmailViewController.swift in Sources */ = {isa = PBXBuildFile; fileRef = 53CED4B91C1F4AE200B5BEEF /* LoginByEmailViewController.swift */; };
		53CED4BC1C1F4B4000B5BEEF /* CreateAccountViewController.swift in Sources */ = {isa = PBXBuildFile; fileRef = 53CED4BB1C1F4B4000B5BEEF /* CreateAccountViewController.swift */; };
		53CED4BE1C1F691200B5BEEF /* Cartfile in Resources */ = {isa = PBXBuildFile; fileRef = 53CED4BD1C1F691200B5BEEF /* Cartfile */; };
		53CED4C11C1F6BC200B5BEEF /* Bolts.framework in Frameworks */ = {isa = PBXBuildFile; fileRef = 53CED4BF1C1F6BC200B5BEEF /* Bolts.framework */; };
		53CED4C21C1F6BC200B5BEEF /* Parse.framework in Frameworks */ = {isa = PBXBuildFile; fileRef = 53CED4C01C1F6BC200B5BEEF /* Parse.framework */; };
		53CED4C51C1F6D4000B5BEEF /* libsqlite3.tbd in Frameworks */ = {isa = PBXBuildFile; fileRef = 53CED4C41C1F6D4000B5BEEF /* libsqlite3.tbd */; };
		53CED4C71C1F6D5600B5BEEF /* AudioToolbox.framework in Frameworks */ = {isa = PBXBuildFile; fileRef = 53CED4C61C1F6D5600B5BEEF /* AudioToolbox.framework */; };
		53CED4CF1C1F6DE000B5BEEF /* SystemConfiguration.framework in Frameworks */ = {isa = PBXBuildFile; fileRef = 53CED4CE1C1F6DE000B5BEEF /* SystemConfiguration.framework */; };
		53CED4D21C1F8F2800B5BEEF /* CreateAccountPresenter.swift in Sources */ = {isa = PBXBuildFile; fileRef = 53CED4D11C1F8F2800B5BEEF /* CreateAccountPresenter.swift */; };
		53E5BBBE1C3EF5EB0035504F /* MainMenuViewModel.swift in Sources */ = {isa = PBXBuildFile; fileRef = 53E5BBBD1C3EF5EB0035504F /* MainMenuViewModel.swift */; };
		53E5BBC01C3EF7F90035504F /* Game.swift in Sources */ = {isa = PBXBuildFile; fileRef = 53E5BBBF1C3EF7F90035504F /* Game.swift */; };
		53E5BBC31C3F1BFA0035504F /* ArrayDataSource.swift in Sources */ = {isa = PBXBuildFile; fileRef = 53E5BBC21C3F1BFA0035504F /* ArrayDataSource.swift */; };
		53EE34F11C32E1C900C70635 /* UIViewLoading.swift in Sources */ = {isa = PBXBuildFile; fileRef = 53EE34F01C32E1C900C70635 /* UIViewLoading.swift */; };
		53EE34F31C32E2A000C70635 /* PlayerView.swift in Sources */ = {isa = PBXBuildFile; fileRef = 53EE34F21C32E2A000C70635 /* PlayerView.swift */; };
		53EE34F51C32E2B000C70635 /* PlayerView.xib in Resources */ = {isa = PBXBuildFile; fileRef = 53EE34F41C32E2B000C70635 /* PlayerView.xib */; };
		53EE34F71C345E8600C70635 /* NewMonsterTests.swift in Sources */ = {isa = PBXBuildFile; fileRef = 53EE34F61C345E8600C70635 /* NewMonsterTests.swift */; };
		53EE34F91C38697F00C70635 /* GameService.swift in Sources */ = {isa = PBXBuildFile; fileRef = 53EE34F81C38697F00C70635 /* GameService.swift */; };
/* End PBXBuildFile section */

/* Begin PBXContainerItemProxy section */
		532800A41BA0ECF6005AD59C /* PBXContainerItemProxy */ = {
			isa = PBXContainerItemProxy;
			containerPortal = 532800871BA0ECF6005AD59C /* Project object */;
			proxyType = 1;
			remoteGlobalIDString = 5328008E1BA0ECF6005AD59C;
			remoteInfo = "doodle-monster";
		};
		532800AF1BA0ECF6005AD59C /* PBXContainerItemProxy */ = {
			isa = PBXContainerItemProxy;
			containerPortal = 532800871BA0ECF6005AD59C /* Project object */;
			proxyType = 1;
			remoteGlobalIDString = 5328008E1BA0ECF6005AD59C;
			remoteInfo = "doodle-monster";
		};
/* End PBXContainerItemProxy section */

/* Begin PBXFileReference section */
		531602AA1C529C600023C19E /* MonsterSectionFooter.swift */ = {isa = PBXFileReference; fileEncoding = 4; lastKnownFileType = sourcecode.swift; name = MonsterSectionFooter.swift; path = View/MainMenu/MonsterSectionFooter.swift; sourceTree = "<group>"; };
		531602AC1C52DA7D0023C19E /* SaveViewController.swift */ = {isa = PBXFileReference; fileEncoding = 4; lastKnownFileType = sourcecode.swift; name = SaveViewController.swift; path = Controller/SaveViewController.swift; sourceTree = "<group>"; };
		5328008F1BA0ECF6005AD59C /* doodle-monster.app */ = {isa = PBXFileReference; explicitFileType = wrapper.application; includeInIndex = 0; path = "doodle-monster.app"; sourceTree = BUILT_PRODUCTS_DIR; };
		532800921BA0ECF6005AD59C /* AppDelegate.swift */ = {isa = PBXFileReference; lastKnownFileType = sourcecode.swift; path = AppDelegate.swift; sourceTree = "<group>"; };
		532800941BA0ECF6005AD59C /* LoginViewController.swift */ = {isa = PBXFileReference; lastKnownFileType = sourcecode.swift; name = LoginViewController.swift; path = Controller/LoginViewController.swift; sourceTree = "<group>"; };
		532800971BA0ECF6005AD59C /* Base */ = {isa = PBXFileReference; lastKnownFileType = file.storyboard; name = Base; path = Base.lproj/Main.storyboard; sourceTree = "<group>"; };
		532800991BA0ECF6005AD59C /* Assets.xcassets */ = {isa = PBXFileReference; lastKnownFileType = folder.assetcatalog; path = Assets.xcassets; sourceTree = "<group>"; };
		5328009C1BA0ECF6005AD59C /* Base */ = {isa = PBXFileReference; lastKnownFileType = file.storyboard; name = Base; path = Base.lproj/LaunchScreen.storyboard; sourceTree = "<group>"; };
		5328009E1BA0ECF6005AD59C /* Info.plist */ = {isa = PBXFileReference; lastKnownFileType = text.plist.xml; path = Info.plist; sourceTree = "<group>"; };
		532800A31BA0ECF6005AD59C /* doodle-monsterTests.xctest */ = {isa = PBXFileReference; explicitFileType = wrapper.cfbundle; includeInIndex = 0; path = "doodle-monsterTests.xctest"; sourceTree = BUILT_PRODUCTS_DIR; };
		532800A71BA0ECF6005AD59C /* doodle_monsterTests.swift */ = {isa = PBXFileReference; lastKnownFileType = sourcecode.swift; path = doodle_monsterTests.swift; sourceTree = "<group>"; };
		532800A91BA0ECF6005AD59C /* Info.plist */ = {isa = PBXFileReference; lastKnownFileType = text.plist.xml; path = Info.plist; sourceTree = "<group>"; };
		532800AE1BA0ECF6005AD59C /* doodle-monsterUITests.xctest */ = {isa = PBXFileReference; explicitFileType = wrapper.cfbundle; includeInIndex = 0; path = "doodle-monsterUITests.xctest"; sourceTree = BUILT_PRODUCTS_DIR; };
		532800B21BA0ECF6005AD59C /* doodle_monsterUITests.swift */ = {isa = PBXFileReference; lastKnownFileType = sourcecode.swift; path = doodle_monsterUITests.swift; sourceTree = "<group>"; };
		532800B41BA0ECF6005AD59C /* Info.plist */ = {isa = PBXFileReference; lastKnownFileType = text.plist.xml; path = Info.plist; sourceTree = "<group>"; };
		534965CA1C585CA5009552CC /* DateService.swift */ = {isa = PBXFileReference; fileEncoding = 4; lastKnownFileType = sourcecode.swift; name = DateService.swift; path = Service/DateService.swift; sourceTree = "<group>"; };
		535ECC0E1C31E42400E17D0F /* NewMonsterViewModel.swift */ = {isa = PBXFileReference; fileEncoding = 4; lastKnownFileType = sourcecode.swift; name = NewMonsterViewModel.swift; path = ViewModel/NewMonsterViewModel.swift; sourceTree = "<group>"; };
		536D6C4A1C44424300BF5EBC /* DrawingViewController.swift */ = {isa = PBXFileReference; fileEncoding = 4; lastKnownFileType = sourcecode.swift; name = DrawingViewController.swift; path = Controller/DrawingViewController.swift; sourceTree = "<group>"; };
		536D6C4C1C4442DE00BF5EBC /* DrawingViewModel.swift */ = {isa = PBXFileReference; fileEncoding = 4; lastKnownFileType = sourcecode.swift; name = DrawingViewModel.swift; path = ViewModel/DrawingViewModel.swift; sourceTree = "<group>"; };
		536D6C4E1C44482A00BF5EBC /* YourTurnCell.swift */ = {isa = PBXFileReference; fileEncoding = 4; lastKnownFileType = sourcecode.swift; name = YourTurnCell.swift; path = View/YourTurnCell.swift; sourceTree = "<group>"; };
		536D6C501C46DA7200BF5EBC /* StrokeHistory.swift */ = {isa = PBXFileReference; fileEncoding = 4; lastKnownFileType = sourcecode.swift; name = StrokeHistory.swift; path = Model/StrokeHistory.swift; sourceTree = "<group>"; };
		536D6C521C46DCCC00BF5EBC /* StrokeHistoryTests.swift */ = {isa = PBXFileReference; fileEncoding = 4; lastKnownFileType = sourcecode.swift; path = StrokeHistoryTests.swift; sourceTree = "<group>"; };
		536D6C551C4809A300BF5EBC /* DrawingScrollView.swift */ = {isa = PBXFileReference; fileEncoding = 4; lastKnownFileType = sourcecode.swift; name = DrawingScrollView.swift; path = View/Game/DrawingScrollView.swift; sourceTree = "<group>"; };
		536D6C571C49A93A00BF5EBC /* SectionedArrayDataSource.swift */ = {isa = PBXFileReference; fileEncoding = 4; lastKnownFileType = sourcecode.swift; name = SectionedArrayDataSource.swift; path = View/Utilities/SectionedArrayDataSource.swift; sourceTree = "<group>"; };
		536D6C591C49ABCD00BF5EBC /* ReusableViews.swift */ = {isa = PBXFileReference; fileEncoding = 4; lastKnownFileType = sourcecode.swift; name = ReusableViews.swift; path = View/Utilities/ReusableViews.swift; sourceTree = "<group>"; };
		536D6C5B1C4D994800BF5EBC /* MonsterSectionHeader.swift */ = {isa = PBXFileReference; fileEncoding = 4; lastKnownFileType = sourcecode.swift; name = MonsterSectionHeader.swift; path = View/MainMenu/MonsterSectionHeader.swift; sourceTree = "<group>"; };
		536D6C5D1C4D995D00BF5EBC /* MainMenuBottom.swift */ = {isa = PBXFileReference; fileEncoding = 4; lastKnownFileType = sourcecode.swift; name = MainMenuBottom.swift; path = View/MainMenu/MainMenuBottom.swift; sourceTree = "<group>"; };
		53AA70E31C4DA81600EB238B /* MainMenuBottom.xib */ = {isa = PBXFileReference; fileEncoding = 4; lastKnownFileType = file.xib; name = MainMenuBottom.xib; path = View/Game/MainMenuBottom.xib; sourceTree = "<group>"; };
		53B60DEA1C4301F900AF0E09 /* YourTurnCell.xib */ = {isa = PBXFileReference; fileEncoding = 4; lastKnownFileType = file.xib; name = YourTurnCell.xib; path = View/YourTurnCell.xib; sourceTree = "<group>"; };
		53B60DEC1C43020100AF0E09 /* WaitingCell.xib */ = {isa = PBXFileReference; fileEncoding = 4; lastKnownFileType = file.xib; path = WaitingCell.xib; sourceTree = "<group>"; };
		53B60DEE1C43047900AF0E09 /* WaitingCell.swift */ = {isa = PBXFileReference; fileEncoding = 4; lastKnownFileType = sourcecode.swift; name = WaitingCell.swift; path = View/WaitingCell.swift; sourceTree = "<group>"; };
		53C8D3E81C29E57F0052A9ED /* LoginByEmailPresenter.swift */ = {isa = PBXFileReference; fileEncoding = 4; lastKnownFileType = sourcecode.swift; name = LoginByEmailPresenter.swift; path = Presenter/LoginByEmailPresenter.swift; sourceTree = "<group>"; };
		53C8D3EA1C29E9B70052A9ED /* Cartfile.resolved */ = {isa = PBXFileReference; fileEncoding = 4; lastKnownFileType = text; path = Cartfile.resolved; sourceTree = "<group>"; };
		53C8D3ED1C2A00730052A9ED /* PlayerService.swift */ = {isa = PBXFileReference; fileEncoding = 4; lastKnownFileType = sourcecode.swift; name = PlayerService.swift; path = Model/PlayerService.swift; sourceTree = "<group>"; };
		53C8D3F01C2B0CA30052A9ED /* MainMenuViewController.swift */ = {isa = PBXFileReference; fileEncoding = 4; lastKnownFileType = sourcecode.swift; name = MainMenuViewController.swift; path = Controller/MainMenuViewController.swift; sourceTree = "<group>"; };
		53C8D3F21C2B11340052A9ED /* NewMonsterViewController.swift */ = {isa = PBXFileReference; fileEncoding = 4; lastKnownFileType = sourcecode.swift; name = NewMonsterViewController.swift; path = Controller/NewMonsterViewController.swift; sourceTree = "<group>"; };
		53C8D3F51C2B13840052A9ED /* InviteByEmailViewController.swift */ = {isa = PBXFileReference; fileEncoding = 4; lastKnownFileType = sourcecode.swift; name = InviteByEmailViewController.swift; path = Controller/InviteByEmailViewController.swift; sourceTree = "<group>"; };
		53C8D3F71C2B15B30052A9ED /* PlayerTableViewCell.swift */ = {isa = PBXFileReference; fileEncoding = 4; lastKnownFileType = sourcecode.swift; name = PlayerTableViewCell.swift; path = View/PlayerTableViewCell.swift; sourceTree = "<group>"; };
		53C8D3FB1C2C72890052A9ED /* Player.swift */ = {isa = PBXFileReference; fileEncoding = 4; lastKnownFileType = sourcecode.swift; name = Player.swift; path = Model/Player.swift; sourceTree = "<group>"; };
		53C8D3FD1C2C7CAF0052A9ED /* InviteByEmailViewModel.swift */ = {isa = PBXFileReference; fileEncoding = 4; lastKnownFileType = sourcecode.swift; name = InviteByEmailViewModel.swift; path = ViewModel/InviteByEmailViewModel.swift; sourceTree = "<group>"; };
		53CED4B91C1F4AE200B5BEEF /* LoginByEmailViewController.swift */ = {isa = PBXFileReference; fileEncoding = 4; lastKnownFileType = sourcecode.swift; name = LoginByEmailViewController.swift; path = Controller/LoginByEmailViewController.swift; sourceTree = "<group>"; };
		53CED4BB1C1F4B4000B5BEEF /* CreateAccountViewController.swift */ = {isa = PBXFileReference; fileEncoding = 4; lastKnownFileType = sourcecode.swift; name = CreateAccountViewController.swift; path = Controller/CreateAccountViewController.swift; sourceTree = "<group>"; };
		53CED4BD1C1F691200B5BEEF /* Cartfile */ = {isa = PBXFileReference; fileEncoding = 4; lastKnownFileType = text; path = Cartfile; sourceTree = "<group>"; };
		53CED4BF1C1F6BC200B5BEEF /* Bolts.framework */ = {isa = PBXFileReference; lastKnownFileType = wrapper.framework; path = Bolts.framework; sourceTree = "<group>"; };
		53CED4C01C1F6BC200B5BEEF /* Parse.framework */ = {isa = PBXFileReference; lastKnownFileType = wrapper.framework; path = Parse.framework; sourceTree = "<group>"; };
		53CED4C41C1F6D4000B5BEEF /* libsqlite3.tbd */ = {isa = PBXFileReference; lastKnownFileType = "sourcecode.text-based-dylib-definition"; name = libsqlite3.tbd; path = usr/lib/libsqlite3.tbd; sourceTree = SDKROOT; };
		53CED4C61C1F6D5600B5BEEF /* AudioToolbox.framework */ = {isa = PBXFileReference; lastKnownFileType = wrapper.framework; name = AudioToolbox.framework; path = System/Library/Frameworks/AudioToolbox.framework; sourceTree = SDKROOT; };
		53CED4C81C1F6D6600B5BEEF /* CFNetwork.framework */ = {isa = PBXFileReference; lastKnownFileType = wrapper.framework; name = CFNetwork.framework; path = System/Library/Frameworks/CFNetwork.framework; sourceTree = SDKROOT; };
		53CED4CA1C1F6DB300B5BEEF /* libz.tbd */ = {isa = PBXFileReference; lastKnownFileType = "sourcecode.text-based-dylib-definition"; name = libz.tbd; path = usr/lib/libz.tbd; sourceTree = SDKROOT; };
		53CED4CC1C1F6DD300B5BEEF /* Security.framework */ = {isa = PBXFileReference; lastKnownFileType = wrapper.framework; name = Security.framework; path = System/Library/Frameworks/Security.framework; sourceTree = SDKROOT; };
		53CED4CE1C1F6DE000B5BEEF /* SystemConfiguration.framework */ = {isa = PBXFileReference; lastKnownFileType = wrapper.framework; name = SystemConfiguration.framework; path = System/Library/Frameworks/SystemConfiguration.framework; sourceTree = SDKROOT; };
		53CED4D11C1F8F2800B5BEEF /* CreateAccountPresenter.swift */ = {isa = PBXFileReference; fileEncoding = 4; lastKnownFileType = sourcecode.swift; name = CreateAccountPresenter.swift; path = Presenter/CreateAccountPresenter.swift; sourceTree = "<group>"; };
		53E5BBBD1C3EF5EB0035504F /* MainMenuViewModel.swift */ = {isa = PBXFileReference; fileEncoding = 4; lastKnownFileType = sourcecode.swift; name = MainMenuViewModel.swift; path = ViewModel/MainMenuViewModel.swift; sourceTree = "<group>"; };
		53E5BBBF1C3EF7F90035504F /* Game.swift */ = {isa = PBXFileReference; fileEncoding = 4; lastKnownFileType = sourcecode.swift; name = Game.swift; path = Model/Game.swift; sourceTree = "<group>"; };
		53E5BBC21C3F1BFA0035504F /* ArrayDataSource.swift */ = {isa = PBXFileReference; fileEncoding = 4; lastKnownFileType = sourcecode.swift; name = ArrayDataSource.swift; path = View/Utilities/ArrayDataSource.swift; sourceTree = "<group>"; };
		53EE34F01C32E1C900C70635 /* UIViewLoading.swift */ = {isa = PBXFileReference; fileEncoding = 4; lastKnownFileType = sourcecode.swift; name = UIViewLoading.swift; path = View/UIViewLoading.swift; sourceTree = "<group>"; };
		53EE34F21C32E2A000C70635 /* PlayerView.swift */ = {isa = PBXFileReference; fileEncoding = 4; lastKnownFileType = sourcecode.swift; name = PlayerView.swift; path = View/PlayerView.swift; sourceTree = "<group>"; };
		53EE34F41C32E2B000C70635 /* PlayerView.xib */ = {isa = PBXFileReference; fileEncoding = 4; lastKnownFileType = file.xib; name = PlayerView.xib; path = View/PlayerView.xib; sourceTree = "<group>"; };
		53EE34F61C345E8600C70635 /* NewMonsterTests.swift */ = {isa = PBXFileReference; fileEncoding = 4; lastKnownFileType = sourcecode.swift; path = NewMonsterTests.swift; sourceTree = "<group>"; };
		53EE34F81C38697F00C70635 /* GameService.swift */ = {isa = PBXFileReference; fileEncoding = 4; lastKnownFileType = sourcecode.swift; name = GameService.swift; path = Model/GameService.swift; sourceTree = "<group>"; };
		53EE34FA1C386F6C00C70635 /* doodle-monster-Bridging-Header.h */ = {isa = PBXFileReference; lastKnownFileType = sourcecode.c.h; path = "doodle-monster-Bridging-Header.h"; sourceTree = "<group>"; };
/* End PBXFileReference section */

/* Begin PBXFrameworksBuildPhase section */
		5328008C1BA0ECF6005AD59C /* Frameworks */ = {
			isa = PBXFrameworksBuildPhase;
			buildActionMask = 2147483647;
			files = (
				53CED4CF1C1F6DE000B5BEEF /* SystemConfiguration.framework in Frameworks */,
				53CED4C71C1F6D5600B5BEEF /* AudioToolbox.framework in Frameworks */,
				53CED4C51C1F6D4000B5BEEF /* libsqlite3.tbd in Frameworks */,
				53CED4C21C1F6BC200B5BEEF /* Parse.framework in Frameworks */,
				53CED4C11C1F6BC200B5BEEF /* Bolts.framework in Frameworks */,
			);
			runOnlyForDeploymentPostprocessing = 0;
		};
		532800A01BA0ECF6005AD59C /* Frameworks */ = {
			isa = PBXFrameworksBuildPhase;
			buildActionMask = 2147483647;
			files = (
				536D6C541C46E83800BF5EBC /* Bolts.framework in Frameworks */,
			);
			runOnlyForDeploymentPostprocessing = 0;
		};
		532800AB1BA0ECF6005AD59C /* Frameworks */ = {
			isa = PBXFrameworksBuildPhase;
			buildActionMask = 2147483647;
			files = (
			);
			runOnlyForDeploymentPostprocessing = 0;
		};
/* End PBXFrameworksBuildPhase section */

/* Begin PBXGroup section */
		532800861BA0ECF6005AD59C = {
			isa = PBXGroup;
			children = (
				53C8D3EA1C29E9B70052A9ED /* Cartfile.resolved */,
				53CED4BD1C1F691200B5BEEF /* Cartfile */,
				532800911BA0ECF6005AD59C /* doodle-monster */,
				532800A61BA0ECF6005AD59C /* doodle-monsterTests */,
				532800B11BA0ECF6005AD59C /* doodle-monsterUITests */,
				532800901BA0ECF6005AD59C /* Products */,
				53CED4C31C1F6BD200B5BEEF /* Frameworks */,
			);
			sourceTree = "<group>";
		};
		532800901BA0ECF6005AD59C /* Products */ = {
			isa = PBXGroup;
			children = (
				5328008F1BA0ECF6005AD59C /* doodle-monster.app */,
				532800A31BA0ECF6005AD59C /* doodle-monsterTests.xctest */,
				532800AE1BA0ECF6005AD59C /* doodle-monsterUITests.xctest */,
			);
			name = Products;
			sourceTree = "<group>";
		};
		532800911BA0ECF6005AD59C /* doodle-monster */ = {
			isa = PBXGroup;
			children = (
				534965C91C585C8D009552CC /* Service */,
				53C8D3EC1C2A00350052A9ED /* Model */,
				53CED4D01C1F8EDE00B5BEEF /* Presenter */,
				53669E6A1BC4A91E00C2E9EE /* ViewModel */,
				53669E691BC4A91100C2E9EE /* View */,
				532800921BA0ECF6005AD59C /* AppDelegate.swift */,
				532800961BA0ECF6005AD59C /* Main.storyboard */,
				532800991BA0ECF6005AD59C /* Assets.xcassets */,
				5328009B1BA0ECF6005AD59C /* LaunchScreen.storyboard */,
				5328009E1BA0ECF6005AD59C /* Info.plist */,
				53EE34FA1C386F6C00C70635 /* doodle-monster-Bridging-Header.h */,
			);
			path = "doodle-monster";
			sourceTree = "<group>";
		};
		532800A61BA0ECF6005AD59C /* doodle-monsterTests */ = {
			isa = PBXGroup;
			children = (
				532800A71BA0ECF6005AD59C /* doodle_monsterTests.swift */,
				532800A91BA0ECF6005AD59C /* Info.plist */,
				53EE34F61C345E8600C70635 /* NewMonsterTests.swift */,
				536D6C521C46DCCC00BF5EBC /* StrokeHistoryTests.swift */,
			);
			path = "doodle-monsterTests";
			sourceTree = "<group>";
		};
		532800B11BA0ECF6005AD59C /* doodle-monsterUITests */ = {
			isa = PBXGroup;
			children = (
				532800B21BA0ECF6005AD59C /* doodle_monsterUITests.swift */,
				532800B41BA0ECF6005AD59C /* Info.plist */,
			);
			path = "doodle-monsterUITests";
			sourceTree = "<group>";
		};
		534965C91C585C8D009552CC /* Service */ = {
			isa = PBXGroup;
			children = (
				534965CA1C585CA5009552CC /* DateService.swift */,
			);
			name = Service;
			sourceTree = "<group>";
		};
		53669E691BC4A91100C2E9EE /* View */ = {
			isa = PBXGroup;
			children = (
				536D6C491C44421F00BF5EBC /* Game */,
				53E5BBC11C3F1BD80035504F /* Utilities */,
				53C8D3F41C2B121E0052A9ED /* NewMonster */,
				53C8D3EF1C2B0C910052A9ED /* MainMenu */,
				53CED4B81C1F4AA000B5BEEF /* Login */,
				53EE34F01C32E1C900C70635 /* UIViewLoading.swift */,
			);
			name = View;
			sourceTree = "<group>";
		};
		53669E6A1BC4A91E00C2E9EE /* ViewModel */ = {
			isa = PBXGroup;
			children = (
				53C8D3FD1C2C7CAF0052A9ED /* InviteByEmailViewModel.swift */,
				535ECC0E1C31E42400E17D0F /* NewMonsterViewModel.swift */,
				53E5BBBD1C3EF5EB0035504F /* MainMenuViewModel.swift */,
				536D6C4C1C4442DE00BF5EBC /* DrawingViewModel.swift */,
			);
			name = ViewModel;
			sourceTree = "<group>";
		};
		536D6C491C44421F00BF5EBC /* Game */ = {
			isa = PBXGroup;
			children = (
				536D6C4A1C44424300BF5EBC /* DrawingViewController.swift */,
				536D6C551C4809A300BF5EBC /* DrawingScrollView.swift */,
				531602AC1C52DA7D0023C19E /* SaveViewController.swift */,
			);
			name = Game;
			sourceTree = "<group>";
		};
		53C8D3EC1C2A00350052A9ED /* Model */ = {
			isa = PBXGroup;
			children = (
				53C8D3ED1C2A00730052A9ED /* PlayerService.swift */,
				53C8D3FB1C2C72890052A9ED /* Player.swift */,
				53EE34F81C38697F00C70635 /* GameService.swift */,
				53E5BBBF1C3EF7F90035504F /* Game.swift */,
				536D6C501C46DA7200BF5EBC /* StrokeHistory.swift */,
			);
			name = Model;
			sourceTree = "<group>";
		};
		53C8D3EF1C2B0C910052A9ED /* MainMenu */ = {
			isa = PBXGroup;
			children = (
				53C8D3F01C2B0CA30052A9ED /* MainMenuViewController.swift */,
				53B60DEA1C4301F900AF0E09 /* YourTurnCell.xib */,
				53B60DEC1C43020100AF0E09 /* WaitingCell.xib */,
				53B60DEE1C43047900AF0E09 /* WaitingCell.swift */,
				536D6C4E1C44482A00BF5EBC /* YourTurnCell.swift */,
				536D6C5B1C4D994800BF5EBC /* MonsterSectionHeader.swift */,
				536D6C5D1C4D995D00BF5EBC /* MainMenuBottom.swift */,
				53AA70E31C4DA81600EB238B /* MainMenuBottom.xib */,
				531602AA1C529C600023C19E /* MonsterSectionFooter.swift */,
			);
			name = MainMenu;
			sourceTree = "<group>";
		};
		53C8D3F41C2B121E0052A9ED /* NewMonster */ = {
			isa = PBXGroup;
			children = (
				53C8D3F21C2B11340052A9ED /* NewMonsterViewController.swift */,
				53C8D3F51C2B13840052A9ED /* InviteByEmailViewController.swift */,
				53C8D3F71C2B15B30052A9ED /* PlayerTableViewCell.swift */,
				53EE34F21C32E2A000C70635 /* PlayerView.swift */,
				53EE34F41C32E2B000C70635 /* PlayerView.xib */,
			);
			name = NewMonster;
			sourceTree = "<group>";
		};
		53CED4B81C1F4AA000B5BEEF /* Login */ = {
			isa = PBXGroup;
			children = (
				532800941BA0ECF6005AD59C /* LoginViewController.swift */,
				53CED4B91C1F4AE200B5BEEF /* LoginByEmailViewController.swift */,
				53CED4BB1C1F4B4000B5BEEF /* CreateAccountViewController.swift */,
			);
			name = Login;
			sourceTree = "<group>";
		};
		53CED4C31C1F6BD200B5BEEF /* Frameworks */ = {
			isa = PBXGroup;
			children = (
				53CED4CE1C1F6DE000B5BEEF /* SystemConfiguration.framework */,
				53CED4CC1C1F6DD300B5BEEF /* Security.framework */,
				53CED4CA1C1F6DB300B5BEEF /* libz.tbd */,
				53CED4C81C1F6D6600B5BEEF /* CFNetwork.framework */,
				53CED4C61C1F6D5600B5BEEF /* AudioToolbox.framework */,
				53CED4C41C1F6D4000B5BEEF /* libsqlite3.tbd */,
				53CED4BF1C1F6BC200B5BEEF /* Bolts.framework */,
				53CED4C01C1F6BC200B5BEEF /* Parse.framework */,
			);
			name = Frameworks;
			sourceTree = "<group>";
		};
		53CED4D01C1F8EDE00B5BEEF /* Presenter */ = {
			isa = PBXGroup;
			children = (
				53CED4D11C1F8F2800B5BEEF /* CreateAccountPresenter.swift */,
				53C8D3E81C29E57F0052A9ED /* LoginByEmailPresenter.swift */,
			);
			name = Presenter;
			sourceTree = "<group>";
		};
		53E5BBC11C3F1BD80035504F /* Utilities */ = {
			isa = PBXGroup;
			children = (
				53E5BBC21C3F1BFA0035504F /* ArrayDataSource.swift */,
				536D6C571C49A93A00BF5EBC /* SectionedArrayDataSource.swift */,
				536D6C591C49ABCD00BF5EBC /* ReusableViews.swift */,
			);
			name = Utilities;
			sourceTree = "<group>";
		};
/* End PBXGroup section */

/* Begin PBXNativeTarget section */
		5328008E1BA0ECF6005AD59C /* doodle-monster */ = {
			isa = PBXNativeTarget;
			buildConfigurationList = 532800B71BA0ECF6005AD59C /* Build configuration list for PBXNativeTarget "doodle-monster" */;
			buildPhases = (
				5328008B1BA0ECF6005AD59C /* Sources */,
				5328008C1BA0ECF6005AD59C /* Frameworks */,
				5328008D1BA0ECF6005AD59C /* Resources */,
			);
			buildRules = (
			);
			dependencies = (
			);
			name = "doodle-monster";
			productName = "doodle-monster";
			productReference = 5328008F1BA0ECF6005AD59C /* doodle-monster.app */;
			productType = "com.apple.product-type.application";
		};
		532800A21BA0ECF6005AD59C /* doodle-monsterTests */ = {
			isa = PBXNativeTarget;
			buildConfigurationList = 532800BA1BA0ECF6005AD59C /* Build configuration list for PBXNativeTarget "doodle-monsterTests" */;
			buildPhases = (
				5328009F1BA0ECF6005AD59C /* Sources */,
				532800A01BA0ECF6005AD59C /* Frameworks */,
				532800A11BA0ECF6005AD59C /* Resources */,
			);
			buildRules = (
			);
			dependencies = (
				532800A51BA0ECF6005AD59C /* PBXTargetDependency */,
			);
			name = "doodle-monsterTests";
			productName = "doodle-monsterTests";
			productReference = 532800A31BA0ECF6005AD59C /* doodle-monsterTests.xctest */;
			productType = "com.apple.product-type.bundle.unit-test";
		};
		532800AD1BA0ECF6005AD59C /* doodle-monsterUITests */ = {
			isa = PBXNativeTarget;
			buildConfigurationList = 532800BD1BA0ECF6005AD59C /* Build configuration list for PBXNativeTarget "doodle-monsterUITests" */;
			buildPhases = (
				532800AA1BA0ECF6005AD59C /* Sources */,
				532800AB1BA0ECF6005AD59C /* Frameworks */,
				532800AC1BA0ECF6005AD59C /* Resources */,
			);
			buildRules = (
			);
			dependencies = (
				532800B01BA0ECF6005AD59C /* PBXTargetDependency */,
			);
			name = "doodle-monsterUITests";
			productName = "doodle-monsterUITests";
			productReference = 532800AE1BA0ECF6005AD59C /* doodle-monsterUITests.xctest */;
			productType = "com.apple.product-type.bundle.ui-testing";
		};
/* End PBXNativeTarget section */

/* Begin PBXProject section */
		532800871BA0ECF6005AD59C /* Project object */ = {
			isa = PBXProject;
			attributes = {
				LastUpgradeCheck = 0700;
				ORGANIZATIONNAME = BleepSmazz;
				TargetAttributes = {
					5328008E1BA0ECF6005AD59C = {
						CreatedOnToolsVersion = 7.0;
						DevelopmentTeam = Q96RZM5NAK;
					};
					532800A21BA0ECF6005AD59C = {
						CreatedOnToolsVersion = 7.0;
						TestTargetID = 5328008E1BA0ECF6005AD59C;
					};
					532800AD1BA0ECF6005AD59C = {
						CreatedOnToolsVersion = 7.0;
						TestTargetID = 5328008E1BA0ECF6005AD59C;
					};
				};
			};
			buildConfigurationList = 5328008A1BA0ECF6005AD59C /* Build configuration list for PBXProject "doodle-monster" */;
			compatibilityVersion = "Xcode 3.2";
			developmentRegion = English;
			hasScannedForEncodings = 0;
			knownRegions = (
				en,
				Base,
			);
			mainGroup = 532800861BA0ECF6005AD59C;
			productRefGroup = 532800901BA0ECF6005AD59C /* Products */;
			projectDirPath = "";
			projectRoot = "";
			targets = (
				5328008E1BA0ECF6005AD59C /* doodle-monster */,
				532800A21BA0ECF6005AD59C /* doodle-monsterTests */,
				532800AD1BA0ECF6005AD59C /* doodle-monsterUITests */,
			);
		};
/* End PBXProject section */

/* Begin PBXResourcesBuildPhase section */
		5328008D1BA0ECF6005AD59C /* Resources */ = {
			isa = PBXResourcesBuildPhase;
			buildActionMask = 2147483647;
			files = (
				5328009D1BA0ECF6005AD59C /* LaunchScreen.storyboard in Resources */,
				53AA70E41C4DA81600EB238B /* MainMenuBottom.xib in Resources */,
				5328009A1BA0ECF6005AD59C /* Assets.xcassets in Resources */,
				53B60DEB1C4301F900AF0E09 /* YourTurnCell.xib in Resources */,
				53B60DED1C43020100AF0E09 /* WaitingCell.xib in Resources */,
				53CED4BE1C1F691200B5BEEF /* Cartfile in Resources */,
				53C8D3EB1C29E9B70052A9ED /* Cartfile.resolved in Resources */,
				532800981BA0ECF6005AD59C /* Main.storyboard in Resources */,
				53EE34F51C32E2B000C70635 /* PlayerView.xib in Resources */,
			);
			runOnlyForDeploymentPostprocessing = 0;
		};
		532800A11BA0ECF6005AD59C /* Resources */ = {
			isa = PBXResourcesBuildPhase;
			buildActionMask = 2147483647;
			files = (
			);
			runOnlyForDeploymentPostprocessing = 0;
		};
		532800AC1BA0ECF6005AD59C /* Resources */ = {
			isa = PBXResourcesBuildPhase;
			buildActionMask = 2147483647;
			files = (
			);
			runOnlyForDeploymentPostprocessing = 0;
		};
/* End PBXResourcesBuildPhase section */

/* Begin PBXSourcesBuildPhase section */
		5328008B1BA0ECF6005AD59C /* Sources */ = {
			isa = PBXSourcesBuildPhase;
			buildActionMask = 2147483647;
			files = (
				53C8D3F11C2B0CA30052A9ED /* MainMenuViewController.swift in Sources */,
				531602AD1C52DA7D0023C19E /* SaveViewController.swift in Sources */,
				53C8D3EE1C2A00730052A9ED /* PlayerService.swift in Sources */,
				53E5BBBE1C3EF5EB0035504F /* MainMenuViewModel.swift in Sources */,
				535ECC0F1C31E42400E17D0F /* NewMonsterViewModel.swift in Sources */,
				53EE34F91C38697F00C70635 /* GameService.swift in Sources */,
				53CED4BC1C1F4B4000B5BEEF /* CreateAccountViewController.swift in Sources */,
				53EE34F31C32E2A000C70635 /* PlayerView.swift in Sources */,
				536D6C5A1C49ABCD00BF5EBC /* ReusableViews.swift in Sources */,
				53C8D3F31C2B11340052A9ED /* NewMonsterViewController.swift in Sources */,
				53EE34F11C32E1C900C70635 /* UIViewLoading.swift in Sources */,
				532800951BA0ECF6005AD59C /* LoginViewController.swift in Sources */,
				53E5BBC31C3F1BFA0035504F /* ArrayDataSource.swift in Sources */,
				53B60DEF1C43047900AF0E09 /* WaitingCell.swift in Sources */,
				531602AB1C529C600023C19E /* MonsterSectionFooter.swift in Sources */,
				534965CB1C585CA5009552CC /* DateService.swift in Sources */,
				53C8D3FC1C2C72890052A9ED /* Player.swift in Sources */,
				536D6C511C46DA7200BF5EBC /* StrokeHistory.swift in Sources */,
				536D6C4F1C44482A00BF5EBC /* YourTurnCell.swift in Sources */,
				53C8D3E91C29E57F0052A9ED /* LoginByEmailPresenter.swift in Sources */,
				536D6C561C4809A300BF5EBC /* DrawingScrollView.swift in Sources */,
				536D6C581C49A93A00BF5EBC /* SectionedArrayDataSource.swift in Sources */,
				53C8D3FE1C2C7CAF0052A9ED /* InviteByEmailViewModel.swift in Sources */,
				532800931BA0ECF6005AD59C /* AppDelegate.swift in Sources */,
				53E5BBC01C3EF7F90035504F /* Game.swift in Sources */,
				536D6C4D1C4442DE00BF5EBC /* DrawingViewModel.swift in Sources */,
				536D6C5E1C4D995D00BF5EBC /* MainMenuBottom.swift in Sources */,
				536D6C4B1C44424300BF5EBC /* DrawingViewController.swift in Sources */,
				53C8D3F81C2B15B30052A9ED /* PlayerTableViewCell.swift in Sources */,
				53C8D3F61C2B13840052A9ED /* InviteByEmailViewController.swift in Sources */,
				536D6C5C1C4D994800BF5EBC /* MonsterSectionHeader.swift in Sources */,
				53CED4BA1C1F4AE200B5BEEF /* LoginByEmailViewController.swift in Sources */,
				53CED4D21C1F8F2800B5BEEF /* CreateAccountPresenter.swift in Sources */,
			);
			runOnlyForDeploymentPostprocessing = 0;
		};
		5328009F1BA0ECF6005AD59C /* Sources */ = {
			isa = PBXSourcesBuildPhase;
			buildActionMask = 2147483647;
			files = (
				532800A81BA0ECF6005AD59C /* doodle_monsterTests.swift in Sources */,
				536D6C531C46DCCC00BF5EBC /* StrokeHistoryTests.swift in Sources */,
				53EE34F71C345E8600C70635 /* NewMonsterTests.swift in Sources */,
			);
			runOnlyForDeploymentPostprocessing = 0;
		};
		532800AA1BA0ECF6005AD59C /* Sources */ = {
			isa = PBXSourcesBuildPhase;
			buildActionMask = 2147483647;
			files = (
				532800B31BA0ECF6005AD59C /* doodle_monsterUITests.swift in Sources */,
			);
			runOnlyForDeploymentPostprocessing = 0;
		};
/* End PBXSourcesBuildPhase section */

/* Begin PBXTargetDependency section */
		532800A51BA0ECF6005AD59C /* PBXTargetDependency */ = {
			isa = PBXTargetDependency;
			target = 5328008E1BA0ECF6005AD59C /* doodle-monster */;
			targetProxy = 532800A41BA0ECF6005AD59C /* PBXContainerItemProxy */;
		};
		532800B01BA0ECF6005AD59C /* PBXTargetDependency */ = {
			isa = PBXTargetDependency;
			target = 5328008E1BA0ECF6005AD59C /* doodle-monster */;
			targetProxy = 532800AF1BA0ECF6005AD59C /* PBXContainerItemProxy */;
		};
/* End PBXTargetDependency section */

/* Begin PBXVariantGroup section */
		532800961BA0ECF6005AD59C /* Main.storyboard */ = {
			isa = PBXVariantGroup;
			children = (
				532800971BA0ECF6005AD59C /* Base */,
			);
			name = Main.storyboard;
			sourceTree = "<group>";
		};
		5328009B1BA0ECF6005AD59C /* LaunchScreen.storyboard */ = {
			isa = PBXVariantGroup;
			children = (
				5328009C1BA0ECF6005AD59C /* Base */,
			);
			name = LaunchScreen.storyboard;
			sourceTree = "<group>";
		};
/* End PBXVariantGroup section */

/* Begin XCBuildConfiguration section */
		532800B51BA0ECF6005AD59C /* Debug */ = {
			isa = XCBuildConfiguration;
			buildSettings = {
				ALWAYS_SEARCH_USER_PATHS = NO;
				CLANG_CXX_LANGUAGE_STANDARD = "gnu++0x";
				CLANG_CXX_LIBRARY = "libc++";
				CLANG_ENABLE_MODULES = YES;
				CLANG_ENABLE_OBJC_ARC = YES;
				CLANG_WARN_BOOL_CONVERSION = YES;
				CLANG_WARN_CONSTANT_CONVERSION = YES;
				CLANG_WARN_DIRECT_OBJC_ISA_USAGE = YES_ERROR;
				CLANG_WARN_EMPTY_BODY = YES;
				CLANG_WARN_ENUM_CONVERSION = YES;
				CLANG_WARN_INT_CONVERSION = YES;
				CLANG_WARN_OBJC_ROOT_CLASS = YES_ERROR;
				CLANG_WARN_UNREACHABLE_CODE = YES;
				CLANG_WARN__DUPLICATE_METHOD_MATCH = YES;
				"CODE_SIGN_IDENTITY[sdk=iphoneos*]" = "iPhone Developer";
				COPY_PHASE_STRIP = NO;
				DEBUG_INFORMATION_FORMAT = dwarf;
				ENABLE_STRICT_OBJC_MSGSEND = YES;
				ENABLE_TESTABILITY = YES;
				GCC_C_LANGUAGE_STANDARD = gnu99;
				GCC_DYNAMIC_NO_PIC = NO;
				GCC_NO_COMMON_BLOCKS = YES;
				GCC_OPTIMIZATION_LEVEL = 0;
				GCC_PREPROCESSOR_DEFINITIONS = (
					"DEBUG=1",
					"$(inherited)",
				);
				GCC_WARN_64_TO_32_BIT_CONVERSION = YES;
				GCC_WARN_ABOUT_RETURN_TYPE = YES_ERROR;
				GCC_WARN_UNDECLARED_SELECTOR = YES;
				GCC_WARN_UNINITIALIZED_AUTOS = YES_AGGRESSIVE;
				GCC_WARN_UNUSED_FUNCTION = YES;
				GCC_WARN_UNUSED_VARIABLE = YES;
				IPHONEOS_DEPLOYMENT_TARGET = 9.0;
				MTL_ENABLE_DEBUG_INFO = YES;
				ONLY_ACTIVE_ARCH = YES;
				SDKROOT = iphoneos;
				SWIFT_OPTIMIZATION_LEVEL = "-Onone";
				TARGETED_DEVICE_FAMILY = "1,2";
			};
			name = Debug;
		};
		532800B61BA0ECF6005AD59C /* Release */ = {
			isa = XCBuildConfiguration;
			buildSettings = {
				ALWAYS_SEARCH_USER_PATHS = NO;
				CLANG_CXX_LANGUAGE_STANDARD = "gnu++0x";
				CLANG_CXX_LIBRARY = "libc++";
				CLANG_ENABLE_MODULES = YES;
				CLANG_ENABLE_OBJC_ARC = YES;
				CLANG_WARN_BOOL_CONVERSION = YES;
				CLANG_WARN_CONSTANT_CONVERSION = YES;
				CLANG_WARN_DIRECT_OBJC_ISA_USAGE = YES_ERROR;
				CLANG_WARN_EMPTY_BODY = YES;
				CLANG_WARN_ENUM_CONVERSION = YES;
				CLANG_WARN_INT_CONVERSION = YES;
				CLANG_WARN_OBJC_ROOT_CLASS = YES_ERROR;
				CLANG_WARN_UNREACHABLE_CODE = YES;
				CLANG_WARN__DUPLICATE_METHOD_MATCH = YES;
				"CODE_SIGN_IDENTITY[sdk=iphoneos*]" = "iPhone Developer";
				COPY_PHASE_STRIP = NO;
				DEBUG_INFORMATION_FORMAT = "dwarf-with-dsym";
				ENABLE_NS_ASSERTIONS = NO;
				ENABLE_STRICT_OBJC_MSGSEND = YES;
				GCC_C_LANGUAGE_STANDARD = gnu99;
				GCC_NO_COMMON_BLOCKS = YES;
				GCC_WARN_64_TO_32_BIT_CONVERSION = YES;
				GCC_WARN_ABOUT_RETURN_TYPE = YES_ERROR;
				GCC_WARN_UNDECLARED_SELECTOR = YES;
				GCC_WARN_UNINITIALIZED_AUTOS = YES_AGGRESSIVE;
				GCC_WARN_UNUSED_FUNCTION = YES;
				GCC_WARN_UNUSED_VARIABLE = YES;
				IPHONEOS_DEPLOYMENT_TARGET = 9.0;
				MTL_ENABLE_DEBUG_INFO = NO;
				SDKROOT = iphoneos;
				TARGETED_DEVICE_FAMILY = "1,2";
				VALIDATE_PRODUCT = YES;
			};
			name = Release;
		};
		532800B81BA0ECF6005AD59C /* Debug */ = {
			isa = XCBuildConfiguration;
			buildSettings = {
				ASSETCATALOG_COMPILER_APPICON_NAME = AppIcon;
				CODE_SIGN_IDENTITY = "iPhone Developer";
				FRAMEWORK_SEARCH_PATHS = (
					"$(inherited)",
					"$(PROJECT_DIR)",
				);
				INFOPLIST_FILE = "doodle-monster/Info.plist";
				LD_RUNPATH_SEARCH_PATHS = "$(inherited) @executable_path/Frameworks";
				PRODUCT_BUNDLE_IDENTIFIER = "com.bleepsmazz.doodle-monster";
				PRODUCT_NAME = "$(TARGET_NAME)";
				SWIFT_OBJC_BRIDGING_HEADER = "doodle-monster/doodle-monster-Bridging-Header.h";
			};
			name = Debug;
		};
		532800B91BA0ECF6005AD59C /* Release */ = {
			isa = XCBuildConfiguration;
			buildSettings = {
				ASSETCATALOG_COMPILER_APPICON_NAME = AppIcon;
				CODE_SIGN_IDENTITY = "iPhone Developer";
				FRAMEWORK_SEARCH_PATHS = (
					"$(inherited)",
					"$(PROJECT_DIR)",
				);
				INFOPLIST_FILE = "doodle-monster/Info.plist";
				LD_RUNPATH_SEARCH_PATHS = "$(inherited) @executable_path/Frameworks";
				PRODUCT_BUNDLE_IDENTIFIER = "com.bleepsmazz.doodle-monster";
				PRODUCT_NAME = "$(TARGET_NAME)";
				SWIFT_OBJC_BRIDGING_HEADER = "doodle-monster/doodle-monster-Bridging-Header.h";
			};
			name = Release;
		};
		532800BB1BA0ECF6005AD59C /* Debug */ = {
			isa = XCBuildConfiguration;
			buildSettings = {
				BUNDLE_LOADER = "$(TEST_HOST)";
				FRAMEWORK_SEARCH_PATHS = (
					"$(inherited)",
					"$(PROJECT_DIR)",
				);
				INFOPLIST_FILE = "doodle-monsterTests/Info.plist";
				LD_RUNPATH_SEARCH_PATHS = "$(inherited) @executable_path/Frameworks @loader_path/Frameworks";
				PRODUCT_BUNDLE_IDENTIFIER = "com.bleepsmazz.doodle-monsterTests";
				PRODUCT_NAME = "$(TARGET_NAME)";
				SWIFT_OBJC_BRIDGING_HEADER = "";
				TEST_HOST = "$(BUILT_PRODUCTS_DIR)/doodle-monster.app/doodle-monster";
				USER_HEADER_SEARCH_PATHS = "";
			};
			name = Debug;
		};
		532800BC1BA0ECF6005AD59C /* Release */ = {
			isa = XCBuildConfiguration;
			buildSettings = {
				BUNDLE_LOADER = "$(TEST_HOST)";
				FRAMEWORK_SEARCH_PATHS = (
					"$(inherited)",
					"$(PROJECT_DIR)",
				);
				INFOPLIST_FILE = "doodle-monsterTests/Info.plist";
				LD_RUNPATH_SEARCH_PATHS = "$(inherited) @executable_path/Frameworks @loader_path/Frameworks";
				PRODUCT_BUNDLE_IDENTIFIER = "com.bleepsmazz.doodle-monsterTests";
				PRODUCT_NAME = "$(TARGET_NAME)";
				SWIFT_OBJC_BRIDGING_HEADER = "";
				TEST_HOST = "$(BUILT_PRODUCTS_DIR)/doodle-monster.app/doodle-monster";
				USER_HEADER_SEARCH_PATHS = "";
			};
			name = Release;
		};
		532800BE1BA0ECF6005AD59C /* Debug */ = {
			isa = XCBuildConfiguration;
			buildSettings = {
				INFOPLIST_FILE = "doodle-monsterUITests/Info.plist";
				LD_RUNPATH_SEARCH_PATHS = "$(inherited) @executable_path/Frameworks @loader_path/Frameworks";
				PRODUCT_BUNDLE_IDENTIFIER = "com.bleepsmazz.doodle-monsterUITests";
				PRODUCT_NAME = "$(TARGET_NAME)";
				TEST_TARGET_NAME = "doodle-monster";
				USES_XCTRUNNER = YES;
			};
			name = Debug;
		};
		532800BF1BA0ECF6005AD59C /* Release */ = {
			isa = XCBuildConfiguration;
			buildSettings = {
				INFOPLIST_FILE = "doodle-monsterUITests/Info.plist";
				LD_RUNPATH_SEARCH_PATHS = "$(inherited) @executable_path/Frameworks @loader_path/Frameworks";
				PRODUCT_BUNDLE_IDENTIFIER = "com.bleepsmazz.doodle-monsterUITests";
				PRODUCT_NAME = "$(TARGET_NAME)";
				TEST_TARGET_NAME = "doodle-monster";
				USES_XCTRUNNER = YES;
			};
			name = Release;
		};
/* End XCBuildConfiguration section */

/* Begin XCConfigurationList section */
		5328008A1BA0ECF6005AD59C /* Build configuration list for PBXProject "doodle-monster" */ = {
			isa = XCConfigurationList;
			buildConfigurations = (
				532800B51BA0ECF6005AD59C /* Debug */,
				532800B61BA0ECF6005AD59C /* Release */,
			);
			defaultConfigurationIsVisible = 0;
			defaultConfigurationName = Release;
		};
		532800B71BA0ECF6005AD59C /* Build configuration list for PBXNativeTarget "doodle-monster" */ = {
			isa = XCConfigurationList;
			buildConfigurations = (
				532800B81BA0ECF6005AD59C /* Debug */,
				532800B91BA0ECF6005AD59C /* Release */,
			);
			defaultConfigurationIsVisible = 0;
			defaultConfigurationName = Release;
		};
		532800BA1BA0ECF6005AD59C /* Build configuration list for PBXNativeTarget "doodle-monsterTests" */ = {
			isa = XCConfigurationList;
			buildConfigurations = (
				532800BB1BA0ECF6005AD59C /* Debug */,
				532800BC1BA0ECF6005AD59C /* Release */,
			);
			defaultConfigurationIsVisible = 0;
			defaultConfigurationName = Release;
		};
		532800BD1BA0ECF6005AD59C /* Build configuration list for PBXNativeTarget "doodle-monsterUITests" */ = {
			isa = XCConfigurationList;
			buildConfigurations = (
				532800BE1BA0ECF6005AD59C /* Debug */,
				532800BF1BA0ECF6005AD59C /* Release */,
			);
			defaultConfigurationIsVisible = 0;
			defaultConfigurationName = Release;
		};
/* End XCConfigurationList section */
	};
	rootObject = 532800871BA0ECF6005AD59C /* Project object */;
}
